// !$*UTF8*$!
{
	archiveVersion = 1;
	classes = {
	};
	objectVersion = 46;
	objects = {

/* Begin PBXBuildFile section */
		EF46882E1D76C2F400A6157B /* main.m in Sources */ = {isa = PBXBuildFile; fileRef = EF46882D1D76C2F400A6157B /* main.m */; };
		EF4688361D76C30F00A6157B /* IDCardNumber_Validate.m in Sources */ = {isa = PBXBuildFile; fileRef = EF4688351D76C30F00A6157B /* IDCardNumber_Validate.m */; };
/* End PBXBuildFile section */

/* Begin PBXCopyFilesBuildPhase section */
		EF4688281D76C2F400A6157B /* CopyFiles */ = {
			isa = PBXCopyFilesBuildPhase;
			buildActionMask = 2147483647;
			dstPath = /usr/share/man/man1/;
			dstSubfolderSpec = 0;
			files = (
			);
			runOnlyForDeploymentPostprocessing = 1;
		};
/* End PBXCopyFilesBuildPhase section */

/* Begin PBXFileReference section */
		EF46882A1D76C2F400A6157B /* IDCardNumber_Validate */ = {isa = PBXFileReference; explicitFileType = "compiled.mach-o.executable"; includeInIndex = 0; path = IDCardNumber_Validate; sourceTree = BUILT_PRODUCTS_DIR; };
		EF46882D1D76C2F400A6157B /* main.m */ = {isa = PBXFileReference; lastKnownFileType = sourcecode.c.objc; path = main.m; sourceTree = "<group>"; };
		EF4688341D76C30F00A6157B /* IDCardNumber_Validate.h */ = {isa = PBXFileReference; fileEncoding = 4; lastKnownFileType = sourcecode.c.h; path = IDCardNumber_Validate.h; sourceTree = "<group>"; };
		EF4688351D76C30F00A6157B /* IDCardNumber_Validate.m */ = {isa = PBXFileReference; fileEncoding = 4; lastKnownFileType = sourcecode.c.objc; path = IDCardNumber_Validate.m; sourceTree = "<group>"; };
/* End PBXFileReference section */

/* Begin PBXFrameworksBuildPhase section */
		EF4688271D76C2F400A6157B /* Frameworks */ = {
			isa = PBXFrameworksBuildPhase;
			buildActionMask = 2147483647;
			files = (
			);
			runOnlyForDeploymentPostprocessing = 0;
		};
/* End PBXFrameworksBuildPhase section */

/* Begin PBXGroup section */
		EF4688211D76C2F400A6157B = {
			isa = PBXGroup;
			children = (
				EF46882C1D76C2F400A6157B /* IDCardNumber_Validate */,
				EF46882B1D76C2F400A6157B /* Products */,
			);
			sourceTree = "<group>";
		};
		EF46882B1D76C2F400A6157B /* Products */ = {
			isa = PBXGroup;
			children = (
				EF46882A1D76C2F400A6157B /* IDCardNumber_Validate */,
			);
			name = Products;
			sourceTree = "<group>";
		};
		EF46882C1D76C2F400A6157B /* IDCardNumber_Validate */ = {
			isa = PBXGroup;
			children = (
				EF4688341D76C30F00A6157B /* IDCardNumber_Validate.h */,
				EF4688351D76C30F00A6157B /* IDCardNumber_Validate.m */,
				EF46882D1D76C2F400A6157B /* main.m */,
			);
			path = IDCardNumber_Validate;
			sourceTree = "<group>";
		};
/* End PBXGroup section */

/* Begin PBXNativeTarget section */
		EF4688291D76C2F400A6157B /* IDCardNumber_Validate */ = {
			isa = PBXNativeTarget;
			buildConfigurationList = EF4688311D76C2F400A6157B /* Build configuration list for PBXNativeTarget "IDCardNumber_Validate" */;
			buildPhases = (
				EF4688261D76C2F400A6157B /* Sources */,
				EF4688271D76C2F400A6157B /* Frameworks */,
				EF4688281D76C2F400A6157B /* CopyFiles */,
			);
			buildRules = (
			);
			dependencies = (
			);
			name = IDCardNumber_Validate;
			productName = IDCardNumber_Validate;
			productReference = EF46882A1D76C2F400A6157B /* IDCardNumber_Validate */;
			productType = "com.apple.product-type.tool";
		};
/* End PBXNativeTarget section */

/* Begin PBXProject section */
		EF4688221D76C2F400A6157B /* Project object */ = {
			isa = PBXProject;
			attributes = {
				LastUpgradeCheck = 0730;
				ORGANIZATIONNAME = "王亮";
				TargetAttributes = {
					EF4688291D76C2F400A6157B = {
						CreatedOnToolsVersion = 7.3.1;
					};
				};
			};
			buildConfigurationList = EF4688251D76C2F400A6157B /* Build configuration list for PBXProject "IDCardNumber_Validate" */;
			compatibilityVersion = "Xcode 3.2";
			developmentRegion = English;
			hasScannedForEncodings = 0;
			knownRegions = (
				en,
			);
			mainGroup = EF4688211D76C2F400A6157B;
			productRefGroup = EF46882B1D76C2F400A6157B /* Products */;
			projectDirPath = "";
			projectRoot = "";
			targets = (
				EF4688291D76C2F400A6157B /* IDCardNumber_Validate */,
			);
		};
/* End PBXProject section */

/* Begin PBXSourcesBuildPhase section */
		EF4688261D76C2F400A6157B /* Sources */ = {
			isa = PBXSourcesBuildPhase;
			buildActionMask = 2147483647;
			files = (
				EF46882E1D76C2F400A6157B /* main.m in Sources */,
				EF4688361D76C30F00A6157B /* IDCardNumber_Validate.m in Sources */,
			);
			runOnlyForDeploymentPostprocessing = 0;
		};
/* End PBXSourcesBuildPhase section */

/* Begin XCBuildConfiguration section */
		EF46882F1D76C2F400A6157B /* Debug */ = {
			isa = XCBuildConfiguration;
			buildSettings = {
				ALWAYS_SEARCH_USER_PATHS = NO;
				CLANG_ANALYZER_NONNULL = YES;
				CLANG_CXX_LANGUAGE_STANDARD = "gnu++0x";
				CLANG_CXX_LIBRARY = "libc++";
				CLANG_ENABLE_MODULES = YES;
				CLANG_ENABLE_OBJC_ARC = YES;
				CLANG_WARN_BOOL_CONVERSION = YES;
				CLANG_WARN_CONSTANT_CONVERSION = YES;
				CLANG_WARN_DIRECT_OBJC_ISA_USAGE = YES_ERROR;
				CLANG_WARN_EMPTY_BODY = YES;
				CLANG_WARN_ENUM_CONVERSION = YES;
				CLANG_WARN_INT_CONVERSION = YES;
				CLANG_WARN_OBJC_ROOT_CLASS = YES_ERROR;
				CLANG_WARN_UNREACHABLE_CODE = YES;
				CLANG_WARN__DUPLICATE_METHOD_MATCH = YES;
				CODE_SIGN_IDENTITY = "-";
				COPY_PHASE_STRIP = NO;
				DEBUG_INFORMATION_FORMAT = dwarf;
				ENABLE_STRICT_OBJC_MSGSEND = YES;
				ENABLE_TESTABILITY = YES;
				GCC_C_LANGUAGE_STANDARD = gnu99;
				GCC_DYNAMIC_NO_PIC = NO;
				GCC_NO_COMMON_BLOCKS = YES;
				GCC_OPTIMIZATION_LEVEL = 0;
				GCC_PREPROCESSOR_DEFINITIONS = (
					"DEBUG=1",
					"$(inherited)",
				);
				GCC_WARN_64_TO_32_BIT_CONVERSION = YES;
				GCC_WARN_ABOUT_RETURN_TYPE = YES_ERROR;
				GCC_WARN_UNDECLARED_SELECTOR = YES;
				GCC_WARN_UNINITIALIZED_AUTOS = YES_AGGRESSIVE;
				GCC_WARN_UNUSED_FUNCTION = YES;
				GCC_WARN_UNUSED_VARIABLE = YES;
				MACOSX_DEPLOYMENT_TARGET = 10.11;
				MTL_ENABLE_DEBUG_INFO = YES;
				ONLY_ACTIVE_ARCH = YES;
				SDKROOT = macosx;
			};
			name = Debug;
		};
		EF4688301D76C2F400A6157B /* Release */ = {
			isa = XCBuildConfiguration;
			buildSettings = {
				ALWAYS_SEARCH_USER_PATHS = NO;
				CLANG_ANALYZER_NONNULL = YES;
				CLANG_CXX_LANGUAGE_STANDARD = "gnu++0x";
				CLANG_CXX_LIBRARY = "libc++";
				CLANG_ENABLE_MODULES = YES;
				CLANG_ENABLE_OBJC_ARC = YES;
				CLANG_WARN_BOOL_CONVERSION = YES;
				CLANG_WARN_CONSTANT_CONVERSION = YES;
				CLANG_WARN_DIRECT_OBJC_ISA_USAGE = YES_ERROR;
				CLANG_WARN_EMPTY_BODY = YES;
				CLANG_WARN_ENUM_CONVERSION = YES;
				CLANG_WARN_INT_CONVERSION = YES;
				CLANG_WARN_OBJC_ROOT_CLASS = YES_ERROR;
				CLANG_WARN_UNREACHABLE_CODE = YES;
				CLANG_WARN__DUPLICATE_METHOD_MATCH = YES;
				CODE_SIGN_IDENTITY = "-";
				COPY_PHASE_STRIP = NO;
				DEBUG_INFORMATION_FORMAT = "dwarf-with-dsym";
				ENABLE_NS_ASSERTIONS = NO;
				ENABLE_STRICT_OBJC_MSGSEND = YES;
				GCC_C_LANGUAGE_STANDARD = gnu99;
				GCC_NO_COMMON_BLOCKS = YES;
				GCC_WARN_64_TO_32_BIT_CONVERSION = YES;
				GCC_WARN_ABOUT_RETURN_TYPE = YES_ERROR;
				GCC_WARN_UNDECLARED_SELECTOR = YES;
				GCC_WARN_UNINITIALIZED_AUTOS = YES_AGGRESSIVE;
				GCC_WARN_UNUSED_FUNCTION = YES;
				GCC_WARN_UNUSED_VARIABLE = YES;
				MACOSX_DEPLOYMENT_TARGET = 10.11;
				MTL_ENABLE_DEBUG_INFO = NO;
				SDKROOT = macosx;
			};
			name = Release;
		};
		EF4688321D76C2F400A6157B /* Debug */ = {
			isa = XCBuildConfiguration;
			buildSettings = {
				PRODUCT_NAME = "$(TARGET_NAME)";
			};
			name = Debug;
		};
		EF4688331D76C2F400A6157B /* Release */ = {
			isa = XCBuildConfiguration;
			buildSettings = {
				PRODUCT_NAME = "$(TARGET_NAME)";
			};
			name = Release;
		};
/* End XCBuildConfiguration section */

/* Begin XCConfigurationList section */
		EF4688251D76C2F400A6157B /* Build configuration list for PBXProject "IDCardNumber_Validate" */ = {
			isa = XCConfigurationList;
			buildConfigurations = (
				EF46882F1D76C2F400A6157B /* Debug */,
				EF4688301D76C2F400A6157B /* Release */,
			);
			defaultConfigurationIsVisible = 0;
			defaultConfigurationName = Release;
		};
		EF4688311D76C2F400A6157B /* Build configuration list for PBXNativeTarget "IDCardNumber_Validate" */ = {
			isa = XCConfigurationList;
			buildConfigurations = (
				EF4688321D76C2F400A6157B /* Debug */,
				EF4688331D76C2F400A6157B /* Release */,
			);
			defaultConfigurationIsVisible = 0;
		};
/* End XCConfigurationList section */
	};
	rootObject = EF4688221D76C2F400A6157B /* Project object */;
}
